{
  "version": 1,
  "dependencies": {
    "net10.0": {
      "Antlr4.Runtime.Standard": {
        "type": "Transitive",
        "resolved": "4.13.1",
        "contentHash": "Da5+i4kFHUseJRZGcBG5fmZGpA/Ns180ibrQMxgZzjpQOnENVvSL5gi5HZ8Ncz8/AR2WsKbOg2lMBzjz0HUQcA=="
      },
      "CsvHelper": {
        "type": "Transitive",
        "resolved": "12.2.2",
        "contentHash": "xsCRcQ8AEMYI3cCdhIULWr9RA79zuGOc5qijEseM4JJ3nsdPLYAch5vUgcH1xWDTYQtKjVt15ep/X7/Y6AymUw==",
        "dependencies": {
          "System.Reflection.TypeExtensions": "4.4.0"
        }
      },
      "Google.Protobuf": {
        "type": "Transitive",
        "resolved": "3.25.2",
        "contentHash": "g/xIIeLhR77bl4ajGGbPYRmZf5acJlCRaSBqUnU8+2aQYREnZnv+UccRNndHof4mWO1ORS0b5i6on40VOjBpsg=="
      },
      "Microsoft.Extensions.FileSystemGlobbing": {
        "type": "Transitive",
        "resolved": "8.0.0",
        "contentHash": "OK+670i7esqlQrPjdIKRbsyMCe9g5kSLpRRQGSr4Q58AOYEe/hCnfLZprh7viNisSUUQZmMrbbuDaIrP+V1ebQ=="
      },
      "System.Reflection.TypeExtensions": {
        "type": "Transitive",
        "resolved": "4.4.0",
        "contentHash": "dkmh/ySlwnXJp/1qYP9uyKkCK1CXR/REFzl7abHcArxBcV91mY2CgrrzSRA5Z/X4MevJWwXsklGRdR3A7K9zbg=="
      },
      "yarnspinner": {
        "type": "Project",
        "dependencies": {
          "Google.Protobuf": "[3.25.2, )"
        }
      },
      "yarnspinner.compiler": {
        "type": "Project",
        "dependencies": {
          "Antlr4.Runtime.Standard": "[4.13.1, )",
          "CsvHelper": "[12.2.2, )",
          "Google.Protobuf": "[3.25.2, )",
          "Microsoft.Extensions.FileSystemGlobbing": "[8.0.0, )",
          "YarnSpinner": "[0.0.0, )"
        }
      }
    }
  }
}